
Microsoft Visual Studio Solution File, Format Version 12.00
Project("{FAE04EC0-301F-11D3-BF4B-00C04F79EFBC}") = "Bilbayt.Web.Api", "Bilbayt.Web.Api\Bilbayt.Web.Api.csproj", "{42813267-BD45-4BFD-89E4-F56569528970}"
EndProject
Global
	GlobalSection(SolutionConfigurationPlatforms) = preSolution
		Debug|Any CPU = Debug|Any CPU
		Release|Any CPU = Release|Any CPU
	EndGlobalSection
	GlobalSection(ProjectConfigurationPlatforms) = postSolution
		{42813267-BD45-4BFD-89E4-F56569528970}.Debug|Any CPU.ActiveCfg = Debug|Any CPU
		{42813267-BD45-4BFD-89E4-F56569528970}.Debug|Any CPU.Build.0 = Debug|Any CPU
		{42813267-BD45-4BFD-89E4-F56569528970}.Release|Any CPU.ActiveCfg = Release|Any CPU
		{42813267-BD45-4BFD-89E4-F56569528970}.Release|Any CPU.Build.0 = Release|Any CPU
	EndGlobalSection
EndGlobal
